{
  "nodes": {
    "home-manager": {
      "inputs": {
        "nixpkgs": [
          "nixpkgs"
        ]
      },
      "locked": {
        "lastModified": 1751751054,
        "narHash": "sha256-qUEejOOj1jc+y5anxDgay+NqVgLHVeY0So5PEDzlV18=",
        "owner": "nix-community",
        "repo": "home-manager",
        "rev": "af8a884164bb50ad34c09719bdbdb2a1b01b917c",
        "type": "github"
      },
      "original": {
        "owner": "nix-community",
        "repo": "home-manager",
        "type": "github"
      }
    },
    "kwin-effects-forceblur": {
      "inputs": {
        "nixpkgs": [
          "nixpkgs"
        ],
        "utils": "utils"
      },
      "locked": {
        "lastModified": 1750920366,
        "narHash": "sha256-7wUVSodQ/in184+EX9pYLij+Op74AcLJ1ckO68TmQ+Q=",
        "owner": "taj-ny",
        "repo": "kwin-effects-forceblur",
        "rev": "5feff4aacad648740504dc1c1d16af1b6992d016",
        "type": "github"
      },
      "original": {
        "owner": "taj-ny",
        "repo": "kwin-effects-forceblur",
        "type": "github"
      }
    },
    "nixpkgs": {
      "locked": {
        "lastModified": 1751637120,
        "narHash": "sha256-xVNy/XopSfIG9c46nRmPaKfH1Gn/56vQ8++xWA8itO4=",
        "owner": "nixos",
        "repo": "nixpkgs",
        "rev": "5c724ed1388e53cc231ed98330a60eb2f7be4be3",
        "type": "github"
      },
      "original": {
        "owner": "nixos",
        "ref": "nixos-unstable",
        "repo": "nixpkgs",
        "type": "github"
      }
    },
    "nixpkgs_2": {
      "locked": {
        "lastModified": 1751011381,
        "narHash": "sha256-krGXKxvkBhnrSC/kGBmg5MyupUUT5R6IBCLEzx9jhMM=",
        "owner": "NixOS",
        "repo": "nixpkgs",
        "rev": "30e2e2857ba47844aa71991daa6ed1fc678bcbb7",
        "type": "github"
      },
      "original": {
        "owner": "NixOS",
        "ref": "nixos-unstable",
        "repo": "nixpkgs",
        "type": "github"
      }
    },
    "root": {
      "inputs": {
        "home-manager": "home-manager",
        "kwin-effects-forceblur": "kwin-effects-forceblur",
        "nixpkgs": "nixpkgs",
        "spicetify-nix": "spicetify-nix",
        "zen-browser": "zen-browser"
      }
    },
    "spicetify-nix": {
      "inputs": {
        "nixpkgs": "nixpkgs_2",
        "systems": "systems_2"
      },
      "locked": {
        "lastModified": 1751171964,
        "narHash": "sha256-SeVvQm9ex+6BhDPIsRt9E1kSmMblQ6gTi53baphnX08=",
        "owner": "Gerg-L",
        "repo": "spicetify-nix",
        "rev": "16adc163d966fc2bb5da47580df4602ae2c7a310",
        "type": "github"
      },
      "original": {
        "owner": "Gerg-L",
        "repo": "spicetify-nix",
        "type": "github"
      }
    },
    "systems": {
      "locked": {
        "lastModified": 1681028828,
        "narHash": "sha256-Vy1rq5AaRuLzOxct8nz4T6wlgyUR7zLU309k9mBC768=",
        "owner": "nix-systems",
        "repo": "default",
        "rev": "da67096a3b9bf56a91d16901293e51ba5b49a27e",
        "type": "github"
      },
      "original": {
        "owner": "nix-systems",
        "repo": "default",
        "type": "github"
      }
    },
    "systems_2": {
      "locked": {
        "lastModified": 1681028828,
        "narHash": "sha256-Vy1rq5AaRuLzOxct8nz4T6wlgyUR7zLU309k9mBC768=",
        "owner": "nix-systems",
        "repo": "default",
        "rev": "da67096a3b9bf56a91d16901293e51ba5b49a27e",
        "type": "github"
      },
      "original": {
        "owner": "nix-systems",
        "repo": "default",
        "type": "github"
      }
    },
    "utils": {
      "inputs": {
        "systems": "systems"
      },
      "locked": {
        "lastModified": 1726560853,
        "narHash": "sha256-X6rJYSESBVr3hBoH0WbKE5KvhPU5bloyZ2L4K60/fPQ=",
        "owner": "numtide",
        "repo": "flake-utils",
        "rev": "c1dfcf08411b08f6b8615f7d8971a2bfa81d5e8a",
        "type": "github"
      },
      "original": {
        "owner": "numtide",
        "repo": "flake-utils",
        "type": "github"
      }
    },
    "zen-browser": {
      "inputs": {
        "nixpkgs": [
          "nixpkgs"
        ]
      },
      "locked": {
        "lastModified": 1751688498,
        "narHash": "sha256-6kYe6ozYDvsHAxV1zbSxg0oRWF4TzTfOUUJsR6MJlYY=",
        "owner": "youwen5",
        "repo": "zen-browser-flake",
        "rev": "b5d422dc2b28eb77a21fbdf60aca9a6e63d5a1ab",
        "type": "github"
      },
      "original": {
        "owner": "youwen5",
        "repo": "zen-browser-flake",
        "type": "github"
      }
    }
  },
  "root": "root",
  "version": 7
}
